{
  "requires": true,
  "lockfileVersion": 1,
  "dependencies": {
    "@tensorflow-models/universal-sentence-encoder": {
      "version": "1.0.1",
      "resolved": "https://registry.npmjs.org/@tensorflow-models/universal-sentence-encoder/-/universal-sentence-encoder-1.0.1.tgz",
      "integrity": "sha512-Hwn3GQwWPlORYQpYVOmUdoVTWl+/tkYEo4Vcy40rypXTRoRcatGH4sbYgT0UIWRfoCROhaAiE5KLPxoXDZsVRg=="
    },
    "@tensorflow/tfjs": {
      "version": "1.0.0",
      "resolved": "https://registry.npmjs.org/@tensorflow/tfjs/-/tfjs-1.0.0.tgz",
      "integrity": "sha512-ZnX4GvIpKBywybBCOXi0ym04LVosJwvZN2hOKatvO6/P1HkOw5Qfu+rwQLuKsZMrcdzJXzNN8L0NiJiPu6AStw==",
      "requires": {
        "@tensorflow/tfjs-converter": "1.0.0",
        "@tensorflow/tfjs-core": "1.0.0",
        "@tensorflow/tfjs-data": "1.0.0",
        "@tensorflow/tfjs-layers": "1.0.0"
      }
    },
    "@tensorflow/tfjs-converter": {
      "version": "1.0.0",
      "resolved": "https://registry.npmjs.org/@tensorflow/tfjs-converter/-/tfjs-converter-1.0.0.tgz",
      "integrity": "sha512-BGiR2U2BEKL+Gwf2Pqu7fZZw+z3ptMORTeS/rIxVnpIbeb7jsD7q25ibvfX1yuk21GM7igfZ53c4FPwqa24G9Q=="
    },
    "@tensorflow/tfjs-core": {
      "version": "1.0.0",
      "resolved": "https://registry.npmjs.org/@tensorflow/tfjs-core/-/tfjs-core-1.0.0.tgz",
      "integrity": "sha512-YiGjDJODPXI9S9AEizf6rdkYFFFCBCqwOmFqBY2MderPaDJ71rqhTzWQkWCMXV4Jhz5J+TEqtr8ishl3Zyid6A==",
      "requires": {
        "@types/seedrandom": "2.4.27",
        "@types/webgl-ext": "0.0.30",
        "@types/webgl2": "0.0.4",
        "seedrandom": "2.4.3"
      }
    },
    "@tensorflow/tfjs-data": {
      "version": "1.0.0",
      "resolved": "https://registry.npmjs.org/@tensorflow/tfjs-data/-/tfjs-data-1.0.0.tgz",
      "integrity": "sha512-pWn0OH5x67Qa98FWiBO1UvcglEsDFf57Tv7amtC+WxlMrH5hUHSaR30dBaW1qpdOEJkDRJtUg6tNTG2av6mqVQ==",
      "requires": {
        "@types/node-fetch": "^2.1.2",
        "node-fetch": "~2.1.2",
        "seedrandom": "~2.4.3"
      }
    },
    "@tensorflow/tfjs-layers": {
      "version": "1.0.0",
      "resolved": "https://registry.npmjs.org/@tensorflow/tfjs-layers/-/tfjs-layers-1.0.0.tgz",
      "integrity": "sha512-+RB5TKM/L7qLn17ic8da/G2qg8EFhRvZIoRA6uCCs5OMUJAUQqhDqBNaoWiy0pYtXDzfZJu3ZOkDbAg2Xv2YOQ=="
    },
    "@types/node": {
      "version": "11.13.4",
      "resolved": "https://registry.npmjs.org/@types/node/-/node-11.13.4.tgz",
      "integrity": "sha512-+rabAZZ3Yn7tF/XPGHupKIL5EcAbrLxnTr/hgQICxbeuAfWtT0UZSfULE+ndusckBItcv4o6ZeOJplQikVcLvQ=="
    },
    "@types/node-fetch": {
      "version": "2.3.2",
      "resolved": "https://registry.npmjs.org/@types/node-fetch/-/node-fetch-2.3.2.tgz",
      "integrity": "sha512-yW0EOebSsQme9yKu09XbdDfle4/SmWZMK4dfteWcSLCYNQQcF+YOv0kIrvm+9pO11/ghA4E6A+RNQqvYj4Nr3A==",
      "requires": {
        "@types/node": "*"
      }
    },
    "@types/seedrandom": {
      "version": "2.4.27",
      "resolved": "https://registry.npmjs.org/@types/seedrandom/-/seedrandom-2.4.27.tgz",
      "integrity": "sha1-nbVjk33YaRX2kJK8QyWdL0hXjkE="
    },
    "@types/webgl-ext": {
      "version": "0.0.30",
      "resolved": "https://registry.npmjs.org/@types/webgl-ext/-/webgl-ext-0.0.30.tgz",
      "integrity": "sha512-LKVgNmBxN0BbljJrVUwkxwRYqzsAEPcZOe6S2T6ZaBDIrFp0qu4FNlpc5sM1tGbXUYFgdVQIoeLk1Y1UoblyEg=="
    },
    "@types/webgl2": {
      "version": "0.0.4",
      "resolved": "https://registry.npmjs.org/@types/webgl2/-/webgl2-0.0.4.tgz",
      "integrity": "sha512-PACt1xdErJbMUOUweSrbVM7gSIYm1vTncW2hF6Os/EeWi6TXYAYMPp+8v6rzHmypE5gHrxaxZNXgMkJVIdZpHw=="
    },
    "node-fetch": {
      "version": "2.1.2",
      "resolved": "https://registry.npmjs.org/node-fetch/-/node-fetch-2.1.2.tgz",
      "integrity": "sha1-q4hOjn5X44qUR1POxwb3iNF2i7U="
    },
    "seedrandom": {
      "version": "2.4.3",
      "resolved": "https://registry.npmjs.org/seedrandom/-/seedrandom-2.4.3.tgz",
      "integrity": "sha1-JDhQTa0zkXMUv/GKxNeU8W1qrsw="
    }
  }
}
